
Microsoft Visual Studio Solution File, Format Version 12.00
Project("{2150E333-8FDC-42A3-9474-1A3956D46DE8}") = "src", "src", "{6F7428E3-AD20-404A-A18C-006ADD978CA2}"
EndProject
Project("{FAE04EC0-301F-11D3-BF4B-00C04F79EFBC}") = "Application", "Application\Application.csproj", "{035B5A31-25E1-45A0-BE06-3E08E7F14B0D}"
	ProjectSection(ProjectDependencies) = postProject
		{30BC80BE-8A62-48B6-A08D-2898A3A9AEE8} = {30BC80BE-8A62-48B6-A08D-2898A3A9AEE8}
	EndProjectSection
EndProject
Project("{FAE04EC0-301F-11D3-BF4B-00C04F79EFBC}") = "Domain", "Domain\Domain.csproj", "{30BC80BE-8A62-48B6-A08D-2898A3A9AEE8}"
EndProject
Project("{FAE04EC0-301F-11D3-BF4B-00C04F79EFBC}") = "Infrastructure", "Infrastructure\Infrastructure.csproj", "{ED4ACA72-BC4D-47BA-A375-3EFE58C3805A}"
	ProjectSection(ProjectDependencies) = postProject
		{035B5A31-25E1-45A0-BE06-3E08E7F14B0D} = {035B5A31-25E1-45A0-BE06-3E08E7F14B0D}
		{30BC80BE-8A62-48B6-A08D-2898A3A9AEE8} = {30BC80BE-8A62-48B6-A08D-2898A3A9AEE8}
	EndProjectSection
EndProject
Project("{FAE04EC0-301F-11D3-BF4B-00C04F79EFBC}") = "WebApplication", "WebApplication\WebApplication.csproj", "{D824421E-A81F-4472-B91C-231039BFC9A1}"
	ProjectSection(ProjectDependencies) = postProject
		{035B5A31-25E1-45A0-BE06-3E08E7F14B0D} = {035B5A31-25E1-45A0-BE06-3E08E7F14B0D}
		{30BC80BE-8A62-48B6-A08D-2898A3A9AEE8} = {30BC80BE-8A62-48B6-A08D-2898A3A9AEE8}
	EndProjectSection
EndProject
Global
	GlobalSection(SolutionConfigurationPlatforms) = preSolution
		Debug|Any CPU = Debug|Any CPU
		Release|Any CPU = Release|Any CPU
	EndGlobalSection
	GlobalSection(ProjectConfigurationPlatforms) = postSolution
		{035B5A31-25E1-45A0-BE06-3E08E7F14B0D}.Debug|Any CPU.ActiveCfg = Debug|Any CPU
		{035B5A31-25E1-45A0-BE06-3E08E7F14B0D}.Debug|Any CPU.Build.0 = Debug|Any CPU
		{035B5A31-25E1-45A0-BE06-3E08E7F14B0D}.Release|Any CPU.ActiveCfg = Release|Any CPU
		{035B5A31-25E1-45A0-BE06-3E08E7F14B0D}.Release|Any CPU.Build.0 = Release|Any CPU
		{30BC80BE-8A62-48B6-A08D-2898A3A9AEE8}.Debug|Any CPU.ActiveCfg = Debug|Any CPU
		{30BC80BE-8A62-48B6-A08D-2898A3A9AEE8}.Debug|Any CPU.Build.0 = Debug|Any CPU
		{30BC80BE-8A62-48B6-A08D-2898A3A9AEE8}.Release|Any CPU.ActiveCfg = Release|Any CPU
		{30BC80BE-8A62-48B6-A08D-2898A3A9AEE8}.Release|Any CPU.Build.0 = Release|Any CPU
		{ED4ACA72-BC4D-47BA-A375-3EFE58C3805A}.Debug|Any CPU.ActiveCfg = Debug|Any CPU
		{ED4ACA72-BC4D-47BA-A375-3EFE58C3805A}.Debug|Any CPU.Build.0 = Debug|Any CPU
		{ED4ACA72-BC4D-47BA-A375-3EFE58C3805A}.Release|Any CPU.ActiveCfg = Release|Any CPU
		{ED4ACA72-BC4D-47BA-A375-3EFE58C3805A}.Release|Any CPU.Build.0 = Release|Any CPU
		{D824421E-A81F-4472-B91C-231039BFC9A1}.Debug|Any CPU.ActiveCfg = Debug|Any CPU
		{D824421E-A81F-4472-B91C-231039BFC9A1}.Debug|Any CPU.Build.0 = Debug|Any CPU
		{D824421E-A81F-4472-B91C-231039BFC9A1}.Release|Any CPU.ActiveCfg = Release|Any CPU
		{D824421E-A81F-4472-B91C-231039BFC9A1}.Release|Any CPU.Build.0 = Release|Any CPU
	EndGlobalSection
EndGlobal
